
Microsoft Visual Studio Solution File, Format Version 12.00
# Visual Studio 15
Project("{FAE04EC0-301F-11D3-BF4B-00C04F79EFBC}") = "projeto_Lista", "projeto_Lista\projeto_Lista.csproj", "{43F0CEC9-A136-451E-AF30-CD283EC69AFA}"
EndProject
Global
	GlobalSection(SolutionConfigurationPlatforms) = preSolution
		Debug|Any CPU = Debug|Any CPU
		Release|Any CPU = Release|Any CPU
	EndGlobalSection
	GlobalSection(ProjectConfigurationPlatforms) = postSolution
		{43F0CEC9-A136-451E-AF30-CD283EC69AFA}.Debug|Any CPU.ActiveCfg = Debug|Any CPU
		{43F0CEC9-A136-451E-AF30-CD283EC69AFA}.Debug|Any CPU.Build.0 = Debug|Any CPU
		{43F0CEC9-A136-451E-AF30-CD283EC69AFA}.Release|Any CPU.ActiveCfg = Release|Any CPU
		{43F0CEC9-A136-451E-AF30-CD283EC69AFA}.Release|Any CPU.Build.0 = Release|Any CPU
	EndGlobalSection
EndGlobal
